// !$*UTF8*$!
{
	archiveVersion = 1;
	classes = {
	};
	objectVersion = 55;
	objects = {

/* Begin PBXBuildFile section */
		E4838A292858B06D008F9535 /* Tests_iOS.swift in Sources */ = {isa = PBXBuildFile; fileRef = E4838A282858B06D008F9535 /* Tests_iOS.swift */; };
		E4838A2B2858B06D008F9535 /* Tests_iOSLaunchTests.swift in Sources */ = {isa = PBXBuildFile; fileRef = E4838A2A2858B06D008F9535 /* Tests_iOSLaunchTests.swift */; };
		E4838A352858B06D008F9535 /* Tests_macOS.swift in Sources */ = {isa = PBXBuildFile; fileRef = E4838A342858B06D008F9535 /* Tests_macOS.swift */; };
		E4838A372858B06D008F9535 /* Tests_macOSLaunchTests.swift in Sources */ = {isa = PBXBuildFile; fileRef = E4838A362858B06D008F9535 /* Tests_macOSLaunchTests.swift */; };
		E4838A382858B06D008F9535 /* saxjaxTuner.xcdatamodeld in Sources */ = {isa = PBXBuildFile; fileRef = E4838A0D2858B069008F9535 /* saxjaxTuner.xcdatamodeld */; };
		E4838A392858B06D008F9535 /* saxjaxTuner.xcdatamodeld in Sources */ = {isa = PBXBuildFile; fileRef = E4838A0D2858B069008F9535 /* saxjaxTuner.xcdatamodeld */; };
		E4838A3A2858B06D008F9535 /* saxjaxTunerApp.swift in Sources */ = {isa = PBXBuildFile; fileRef = E4838A0F2858B069008F9535 /* saxjaxTunerApp.swift */; };
		E4838A3B2858B06D008F9535 /* saxjaxTunerApp.swift in Sources */ = {isa = PBXBuildFile; fileRef = E4838A0F2858B069008F9535 /* saxjaxTunerApp.swift */; };
		E4838A3C2858B06D008F9535 /* ContentView.swift in Sources */ = {isa = PBXBuildFile; fileRef = E4838A102858B069008F9535 /* ContentView.swift */; };
		E4838A3D2858B06D008F9535 /* ContentView.swift in Sources */ = {isa = PBXBuildFile; fileRef = E4838A102858B069008F9535 /* ContentView.swift */; };
		E4838A3E2858B06D008F9535 /* Persistence.swift in Sources */ = {isa = PBXBuildFile; fileRef = E4838A112858B069008F9535 /* Persistence.swift */; };
		E4838A3F2858B06D008F9535 /* Persistence.swift in Sources */ = {isa = PBXBuildFile; fileRef = E4838A112858B069008F9535 /* Persistence.swift */; };
		E4838A402858B06D008F9535 /* Assets.xcassets in Resources */ = {isa = PBXBuildFile; fileRef = E4838A122858B06D008F9535 /* Assets.xcassets */; };
		E4838A412858B06D008F9535 /* Assets.xcassets in Resources */ = {isa = PBXBuildFile; fileRef = E4838A122858B06D008F9535 /* Assets.xcassets */; };
		E4838A512858B183008F9535 /* SaxjaxTunerModel.swift in Sources */ = {isa = PBXBuildFile; fileRef = E4838A502858B183008F9535 /* SaxjaxTunerModel.swift */; };
		E4838A522858B183008F9535 /* SaxjaxTunerModel.swift in Sources */ = {isa = PBXBuildFile; fileRef = E4838A502858B183008F9535 /* SaxjaxTunerModel.swift */; };
		E4838A532858B183008F9535 /* SaxjaxTunerModel.swift in Sources */ = {isa = PBXBuildFile; fileRef = E4838A502858B183008F9535 /* SaxjaxTunerModel.swift */; };
		E4838A542858B183008F9535 /* SaxjaxTunerModel.swift in Sources */ = {isa = PBXBuildFile; fileRef = E4838A502858B183008F9535 /* SaxjaxTunerModel.swift */; };
		E4838A582858B23B008F9535 /* SaxjaxTunerViewModel.swift in Sources */ = {isa = PBXBuildFile; fileRef = E4838A572858B23B008F9535 /* SaxjaxTunerViewModel.swift */; };
		E4838A592858B23B008F9535 /* SaxjaxTunerViewModel.swift in Sources */ = {isa = PBXBuildFile; fileRef = E4838A572858B23B008F9535 /* SaxjaxTunerViewModel.swift */; };
		E4838A5A2858B23B008F9535 /* SaxjaxTunerViewModel.swift in Sources */ = {isa = PBXBuildFile; fileRef = E4838A572858B23B008F9535 /* SaxjaxTunerViewModel.swift */; };
		E4838A5B2858B23B008F9535 /* SaxjaxTunerViewModel.swift in Sources */ = {isa = PBXBuildFile; fileRef = E4838A572858B23B008F9535 /* SaxjaxTunerViewModel.swift */; };
/* End PBXBuildFile section */

/* Begin PBXContainerItemProxy section */
		E4838A252858B06D008F9535 /* PBXContainerItemProxy */ = {
			isa = PBXContainerItemProxy;
			containerPortal = E4838A082858B069008F9535 /* Project object */;
			proxyType = 1;
			remoteGlobalIDString = E4838A162858B06D008F9535;
			remoteInfo = "saxjaxTuner (iOS)";
		};
		E4838A312858B06D008F9535 /* PBXContainerItemProxy */ = {
			isa = PBXContainerItemProxy;
			containerPortal = E4838A082858B069008F9535 /* Project object */;
			proxyType = 1;
			remoteGlobalIDString = E4838A1C2858B06D008F9535;
			remoteInfo = "saxjaxTuner (macOS)";
		};
/* End PBXContainerItemProxy section */

/* Begin PBXFileReference section */
		E4838A0E2858B069008F9535 /* Shared.xcdatamodel */ = {isa = PBXFileReference; lastKnownFileType = wrapper.xcdatamodel; path = Shared.xcdatamodel; sourceTree = "<group>"; };
		E4838A0F2858B069008F9535 /* saxjaxTunerApp.swift */ = {isa = PBXFileReference; lastKnownFileType = sourcecode.swift; path = saxjaxTunerApp.swift; sourceTree = "<group>"; };
		E4838A102858B069008F9535 /* ContentView.swift */ = {isa = PBXFileReference; lastKnownFileType = sourcecode.swift; path = ContentView.swift; sourceTree = "<group>"; };
		E4838A112858B069008F9535 /* Persistence.swift */ = {isa = PBXFileReference; lastKnownFileType = sourcecode.swift; path = Persistence.swift; sourceTree = "<group>"; };
		E4838A122858B06D008F9535 /* Assets.xcassets */ = {isa = PBXFileReference; lastKnownFileType = folder.assetcatalog; path = Assets.xcassets; sourceTree = "<group>"; };
		E4838A172858B06D008F9535 /* saxjaxTuner.app */ = {isa = PBXFileReference; explicitFileType = wrapper.application; includeInIndex = 0; path = saxjaxTuner.app; sourceTree = BUILT_PRODUCTS_DIR; };
		E4838A1D2858B06D008F9535 /* saxjaxTuner.app */ = {isa = PBXFileReference; explicitFileType = wrapper.application; includeInIndex = 0; path = saxjaxTuner.app; sourceTree = BUILT_PRODUCTS_DIR; };
		E4838A1F2858B06D008F9535 /* macOS.entitlements */ = {isa = PBXFileReference; lastKnownFileType = text.plist.entitlements; path = macOS.entitlements; sourceTree = "<group>"; };
		E4838A242858B06D008F9535 /* Tests iOS.xctest */ = {isa = PBXFileReference; explicitFileType = wrapper.cfbundle; includeInIndex = 0; path = "Tests iOS.xctest"; sourceTree = BUILT_PRODUCTS_DIR; };
		E4838A282858B06D008F9535 /* Tests_iOS.swift */ = {isa = PBXFileReference; lastKnownFileType = sourcecode.swift; path = Tests_iOS.swift; sourceTree = "<group>"; };
		E4838A2A2858B06D008F9535 /* Tests_iOSLaunchTests.swift */ = {isa = PBXFileReference; lastKnownFileType = sourcecode.swift; path = Tests_iOSLaunchTests.swift; sourceTree = "<group>"; };
		E4838A302858B06D008F9535 /* Tests macOS.xctest */ = {isa = PBXFileReference; explicitFileType = wrapper.cfbundle; includeInIndex = 0; path = "Tests macOS.xctest"; sourceTree = BUILT_PRODUCTS_DIR; };
		E4838A342858B06D008F9535 /* Tests_macOS.swift */ = {isa = PBXFileReference; lastKnownFileType = sourcecode.swift; path = Tests_macOS.swift; sourceTree = "<group>"; };
		E4838A362858B06D008F9535 /* Tests_macOSLaunchTests.swift */ = {isa = PBXFileReference; lastKnownFileType = sourcecode.swift; path = Tests_macOSLaunchTests.swift; sourceTree = "<group>"; };
		E4838A502858B183008F9535 /* SaxjaxTunerModel.swift */ = {isa = PBXFileReference; lastKnownFileType = sourcecode.swift; path = SaxjaxTunerModel.swift; sourceTree = "<group>"; };
		E4838A572858B23B008F9535 /* SaxjaxTunerViewModel.swift */ = {isa = PBXFileReference; lastKnownFileType = sourcecode.swift; path = SaxjaxTunerViewModel.swift; sourceTree = "<group>"; };
		E4838A5D2858B298008F9535 /* MyPlayground.playground */ = {isa = PBXFileReference; lastKnownFileType = file.playground; path = MyPlayground.playground; sourceTree = "<group>"; xcLanguageSpecificationIdentifier = xcode.lang.swift; };
		E4838A5E2858B338008F9535 /* saxjaxTuner (iOS).entitlements */ = {isa = PBXFileReference; lastKnownFileType = text.plist.entitlements; path = "saxjaxTuner (iOS).entitlements"; sourceTree = "<group>"; };
		E4838A5F2858B3AD008F9535 /* README.md */ = {isa = PBXFileReference; lastKnownFileType = net.daringfireball.markdown; path = README.md; sourceTree = "<group>"; };
/* End PBXFileReference section */

/* Begin PBXFrameworksBuildPhase section */
		E4838A142858B06D008F9535 /* Frameworks */ = {
			isa = PBXFrameworksBuildPhase;
			buildActionMask = 2147483647;
			files = (
			);
			runOnlyForDeploymentPostprocessing = 0;
		};
		E4838A1A2858B06D008F9535 /* Frameworks */ = {
			isa = PBXFrameworksBuildPhase;
			buildActionMask = 2147483647;
			files = (
			);
			runOnlyForDeploymentPostprocessing = 0;
		};
		E4838A212858B06D008F9535 /* Frameworks */ = {
			isa = PBXFrameworksBuildPhase;
			buildActionMask = 2147483647;
			files = (
			);
			runOnlyForDeploymentPostprocessing = 0;
		};
		E4838A2D2858B06D008F9535 /* Frameworks */ = {
			isa = PBXFrameworksBuildPhase;
			buildActionMask = 2147483647;
			files = (
			);
			runOnlyForDeploymentPostprocessing = 0;
		};
/* End PBXFrameworksBuildPhase section */

/* Begin PBXGroup section */
		E4838A072858B069008F9535 = {
			isa = PBXGroup;
			children = (
				E4838A5F2858B3AD008F9535 /* README.md */,
				E4838A5E2858B338008F9535 /* saxjaxTuner (iOS).entitlements */,
				E4838A5D2858B298008F9535 /* MyPlayground.playground */,
				E4838A0C2858B069008F9535 /* Shared */,
				E4838A1E2858B06D008F9535 /* macOS */,
				E4838A272858B06D008F9535 /* Tests iOS */,
				E4838A332858B06D008F9535 /* Tests macOS */,
				E4838A182858B06D008F9535 /* Products */,
			);
			sourceTree = "<group>";
		};
		E4838A0C2858B069008F9535 /* Shared */ = {
			isa = PBXGroup;
			children = (
				E4838A0F2858B069008F9535 /* saxjaxTunerApp.swift */,
				E4838A112858B069008F9535 /* Persistence.swift */,
				E4838A122858B06D008F9535 /* Assets.xcassets */,
				E4838A0D2858B069008F9535 /* saxjaxTuner.xcdatamodeld */,
				E4838A562858B1BB008F9535 /* view */,
				E4838A552858B1A5008F9535 /* model */,
				E4838A5C2858B244008F9535 /* ViewModel */,
			);
			path = Shared;
			sourceTree = "<group>";
		};
		E4838A182858B06D008F9535 /* Products */ = {
			isa = PBXGroup;
			children = (
				E4838A172858B06D008F9535 /* saxjaxTuner.app */,
				E4838A1D2858B06D008F9535 /* saxjaxTuner.app */,
				E4838A242858B06D008F9535 /* Tests iOS.xctest */,
				E4838A302858B06D008F9535 /* Tests macOS.xctest */,
			);
			name = Products;
			sourceTree = "<group>";
		};
		E4838A1E2858B06D008F9535 /* macOS */ = {
			isa = PBXGroup;
			children = (
				E4838A1F2858B06D008F9535 /* macOS.entitlements */,
			);
			path = macOS;
			sourceTree = "<group>";
		};
		E4838A272858B06D008F9535 /* Tests iOS */ = {
			isa = PBXGroup;
			children = (
				E4838A282858B06D008F9535 /* Tests_iOS.swift */,
				E4838A2A2858B06D008F9535 /* Tests_iOSLaunchTests.swift */,
			);
			path = "Tests iOS";
			sourceTree = "<group>";
		};
		E4838A332858B06D008F9535 /* Tests macOS */ = {
			isa = PBXGroup;
			children = (
				E4838A342858B06D008F9535 /* Tests_macOS.swift */,
				E4838A362858B06D008F9535 /* Tests_macOSLaunchTests.swift */,
			);
			path = "Tests macOS";
			sourceTree = "<group>";
		};
		E4838A552858B1A5008F9535 /* model */ = {
			isa = PBXGroup;
			children = (
				E4838A502858B183008F9535 /* SaxjaxTunerModel.swift */,
			);
			path = model;
			sourceTree = "<group>";
		};
		E4838A562858B1BB008F9535 /* view */ = {
			isa = PBXGroup;
			children = (
				E4838A102858B069008F9535 /* ContentView.swift */,
			);
			path = view;
			sourceTree = "<group>";
		};
		E4838A5C2858B244008F9535 /* ViewModel */ = {
			isa = PBXGroup;
			children = (
				E4838A572858B23B008F9535 /* SaxjaxTunerViewModel.swift */,
			);
			path = ViewModel;
			sourceTree = "<group>";
		};
/* End PBXGroup section */

/* Begin PBXNativeTarget section */
		E4838A162858B06D008F9535 /* saxjaxTuner (iOS) */ = {
			isa = PBXNativeTarget;
			buildConfigurationList = E4838A442858B06D008F9535 /* Build configuration list for PBXNativeTarget "saxjaxTuner (iOS)" */;
			buildPhases = (
				E4838A132858B06D008F9535 /* Sources */,
				E4838A142858B06D008F9535 /* Frameworks */,
				E4838A152858B06D008F9535 /* Resources */,
			);
			buildRules = (
			);
			dependencies = (
			);
			name = "saxjaxTuner (iOS)";
			productName = "saxjaxTuner (iOS)";
			productReference = E4838A172858B06D008F9535 /* saxjaxTuner.app */;
			productType = "com.apple.product-type.application";
		};
		E4838A1C2858B06D008F9535 /* saxjaxTuner (macOS) */ = {
			isa = PBXNativeTarget;
			buildConfigurationList = E4838A472858B06D008F9535 /* Build configuration list for PBXNativeTarget "saxjaxTuner (macOS)" */;
			buildPhases = (
				E4838A192858B06D008F9535 /* Sources */,
				E4838A1A2858B06D008F9535 /* Frameworks */,
				E4838A1B2858B06D008F9535 /* Resources */,
			);
			buildRules = (
			);
			dependencies = (
			);
			name = "saxjaxTuner (macOS)";
			productName = "saxjaxTuner (macOS)";
			productReference = E4838A1D2858B06D008F9535 /* saxjaxTuner.app */;
			productType = "com.apple.product-type.application";
		};
		E4838A232858B06D008F9535 /* Tests iOS */ = {
			isa = PBXNativeTarget;
			buildConfigurationList = E4838A4A2858B06D008F9535 /* Build configuration list for PBXNativeTarget "Tests iOS" */;
			buildPhases = (
				E4838A202858B06D008F9535 /* Sources */,
				E4838A212858B06D008F9535 /* Frameworks */,
				E4838A222858B06D008F9535 /* Resources */,
			);
			buildRules = (
			);
			dependencies = (
				E4838A262858B06D008F9535 /* PBXTargetDependency */,
			);
			name = "Tests iOS";
			productName = "Tests iOS";
			productReference = E4838A242858B06D008F9535 /* Tests iOS.xctest */;
			productType = "com.apple.product-type.bundle.ui-testing";
		};
		E4838A2F2858B06D008F9535 /* Tests macOS */ = {
			isa = PBXNativeTarget;
			buildConfigurationList = E4838A4D2858B06D008F9535 /* Build configuration list for PBXNativeTarget "Tests macOS" */;
			buildPhases = (
				E4838A2C2858B06D008F9535 /* Sources */,
				E4838A2D2858B06D008F9535 /* Frameworks */,
				E4838A2E2858B06D008F9535 /* Resources */,
			);
			buildRules = (
			);
			dependencies = (
				E4838A322858B06D008F9535 /* PBXTargetDependency */,
			);
			name = "Tests macOS";
			productName = "Tests macOS";
			productReference = E4838A302858B06D008F9535 /* Tests macOS.xctest */;
			productType = "com.apple.product-type.bundle.ui-testing";
		};
/* End PBXNativeTarget section */

/* Begin PBXProject section */
		E4838A082858B069008F9535 /* Project object */ = {
			isa = PBXProject;
			attributes = {
				BuildIndependentTargetsInParallel = 1;
				LastSwiftUpdateCheck = 1330;
				LastUpgradeCheck = 1330;
				TargetAttributes = {
					E4838A162858B06D008F9535 = {
						CreatedOnToolsVersion = 13.3.1;
					};
					E4838A1C2858B06D008F9535 = {
						CreatedOnToolsVersion = 13.3.1;
					};
					E4838A232858B06D008F9535 = {
						CreatedOnToolsVersion = 13.3.1;
						TestTargetID = E4838A162858B06D008F9535;
					};
					E4838A2F2858B06D008F9535 = {
						CreatedOnToolsVersion = 13.3.1;
						TestTargetID = E4838A1C2858B06D008F9535;
					};
				};
			};
			buildConfigurationList = E4838A0B2858B069008F9535 /* Build configuration list for PBXProject "saxjaxTuner" */;
			compatibilityVersion = "Xcode 13.0";
			developmentRegion = en;
			hasScannedForEncodings = 0;
			knownRegions = (
				en,
				Base,
			);
			mainGroup = E4838A072858B069008F9535;
			productRefGroup = E4838A182858B06D008F9535 /* Products */;
			projectDirPath = "";
			projectRoot = "";
			targets = (
				E4838A162858B06D008F9535 /* saxjaxTuner (iOS) */,
				E4838A1C2858B06D008F9535 /* saxjaxTuner (macOS) */,
				E4838A232858B06D008F9535 /* Tests iOS */,
				E4838A2F2858B06D008F9535 /* Tests macOS */,
			);
		};
/* End PBXProject section */

/* Begin PBXResourcesBuildPhase section */
		E4838A152858B06D008F9535 /* Resources */ = {
			isa = PBXResourcesBuildPhase;
			buildActionMask = 2147483647;
			files = (
				E4838A402858B06D008F9535 /* Assets.xcassets in Resources */,
			);
			runOnlyForDeploymentPostprocessing = 0;
		};
		E4838A1B2858B06D008F9535 /* Resources */ = {
			isa = PBXResourcesBuildPhase;
			buildActionMask = 2147483647;
			files = (
				E4838A412858B06D008F9535 /* Assets.xcassets in Resources */,
			);
			runOnlyForDeploymentPostprocessing = 0;
		};
		E4838A222858B06D008F9535 /* Resources */ = {
			isa = PBXResourcesBuildPhase;
			buildActionMask = 2147483647;
			files = (
			);
			runOnlyForDeploymentPostprocessing = 0;
		};
		E4838A2E2858B06D008F9535 /* Resources */ = {
			isa = PBXResourcesBuildPhase;
			buildActionMask = 2147483647;
			files = (
			);
			runOnlyForDeploymentPostprocessing = 0;
		};
/* End PBXResourcesBuildPhase section */

/* Begin PBXSourcesBuildPhase section */
		E4838A132858B06D008F9535 /* Sources */ = {
			isa = PBXSourcesBuildPhase;
			buildActionMask = 2147483647;
			files = (
				E4838A512858B183008F9535 /* SaxjaxTunerModel.swift in Sources */,
				E4838A382858B06D008F9535 /* saxjaxTuner.xcdatamodeld in Sources */,
				E4838A3E2858B06D008F9535 /* Persistence.swift in Sources */,
				E4838A3A2858B06D008F9535 /* saxjaxTunerApp.swift in Sources */,
				E4838A582858B23B008F9535 /* SaxjaxTunerViewModel.swift in Sources */,
				E4838A3C2858B06D008F9535 /* ContentView.swift in Sources */,
			);
			runOnlyForDeploymentPostprocessing = 0;
		};
		E4838A192858B06D008F9535 /* Sources */ = {
			isa = PBXSourcesBuildPhase;
			buildActionMask = 2147483647;
			files = (
				E4838A522858B183008F9535 /* SaxjaxTunerModel.swift in Sources */,
				E4838A392858B06D008F9535 /* saxjaxTuner.xcdatamodeld in Sources */,
				E4838A3F2858B06D008F9535 /* Persistence.swift in Sources */,
				E4838A3B2858B06D008F9535 /* saxjaxTunerApp.swift in Sources */,
				E4838A592858B23B008F9535 /* SaxjaxTunerViewModel.swift in Sources */,
				E4838A3D2858B06D008F9535 /* ContentView.swift in Sources */,
			);
			runOnlyForDeploymentPostprocessing = 0;
		};
		E4838A202858B06D008F9535 /* Sources */ = {
			isa = PBXSourcesBuildPhase;
			buildActionMask = 2147483647;
			files = (
				E4838A2B2858B06D008F9535 /* Tests_iOSLaunchTests.swift in Sources */,
				E4838A292858B06D008F9535 /* Tests_iOS.swift in Sources */,
				E4838A5A2858B23B008F9535 /* SaxjaxTunerViewModel.swift in Sources */,
				E4838A532858B183008F9535 /* SaxjaxTunerModel.swift in Sources */,
			);
			runOnlyForDeploymentPostprocessing = 0;
		};
		E4838A2C2858B06D008F9535 /* Sources */ = {
			isa = PBXSourcesBuildPhase;
			buildActionMask = 2147483647;
			files = (
				E4838A372858B06D008F9535 /* Tests_macOSLaunchTests.swift in Sources */,
				E4838A352858B06D008F9535 /* Tests_macOS.swift in Sources */,
				E4838A5B2858B23B008F9535 /* SaxjaxTunerViewModel.swift in Sources */,
				E4838A542858B183008F9535 /* SaxjaxTunerModel.swift in Sources */,
			);
			runOnlyForDeploymentPostprocessing = 0;
		};
/* End PBXSourcesBuildPhase section */

/* Begin PBXTargetDependency section */
		E4838A262858B06D008F9535 /* PBXTargetDependency */ = {
			isa = PBXTargetDependency;
			target = E4838A162858B06D008F9535 /* saxjaxTuner (iOS) */;
			targetProxy = E4838A252858B06D008F9535 /* PBXContainerItemProxy */;
		};
		E4838A322858B06D008F9535 /* PBXTargetDependency */ = {
			isa = PBXTargetDependency;
			target = E4838A1C2858B06D008F9535 /* saxjaxTuner (macOS) */;
			targetProxy = E4838A312858B06D008F9535 /* PBXContainerItemProxy */;
		};
/* End PBXTargetDependency section */

/* Begin XCBuildConfiguration section */
		E4838A422858B06D008F9535 /* Debug */ = {
			isa = XCBuildConfiguration;
			buildSettings = {
				ALWAYS_SEARCH_USER_PATHS = NO;
				CLANG_ANALYZER_NONNULL = YES;
				CLANG_ANALYZER_NUMBER_OBJECT_CONVERSION = YES_AGGRESSIVE;
				CLANG_CXX_LANGUAGE_STANDARD = "gnu++17";
				CLANG_ENABLE_MODULES = YES;
				CLANG_ENABLE_OBJC_ARC = YES;
				CLANG_ENABLE_OBJC_WEAK = YES;
				CLANG_WARN_BLOCK_CAPTURE_AUTORELEASING = YES;
				CLANG_WARN_BOOL_CONVERSION = YES;
				CLANG_WARN_COMMA = YES;
				CLANG_WARN_CONSTANT_CONVERSION = YES;
				CLANG_WARN_DEPRECATED_OBJC_IMPLEMENTATIONS = YES;
				CLANG_WARN_DIRECT_OBJC_ISA_USAGE = YES_ERROR;
				CLANG_WARN_DOCUMENTATION_COMMENTS = YES;
				CLANG_WARN_EMPTY_BODY = YES;
				CLANG_WARN_ENUM_CONVERSION = YES;
				CLANG_WARN_INFINITE_RECURSION = YES;
				CLANG_WARN_INT_CONVERSION = YES;
				CLANG_WARN_NON_LITERAL_NULL_CONVERSION = YES;
				CLANG_WARN_OBJC_IMPLICIT_RETAIN_SELF = YES;
				CLANG_WARN_OBJC_LITERAL_CONVERSION = YES;
				CLANG_WARN_OBJC_ROOT_CLASS = YES_ERROR;
				CLANG_WARN_QUOTED_INCLUDE_IN_FRAMEWORK_HEADER = YES;
				CLANG_WARN_RANGE_LOOP_ANALYSIS = YES;
				CLANG_WARN_STRICT_PROTOTYPES = YES;
				CLANG_WARN_SUSPICIOUS_MOVE = YES;
				CLANG_WARN_UNGUARDED_AVAILABILITY = YES_AGGRESSIVE;
				CLANG_WARN_UNREACHABLE_CODE = YES;
				CLANG_WARN__DUPLICATE_METHOD_MATCH = YES;
				COPY_PHASE_STRIP = NO;
				DEBUG_INFORMATION_FORMAT = dwarf;
				ENABLE_STRICT_OBJC_MSGSEND = YES;
				ENABLE_TESTABILITY = YES;
				GCC_C_LANGUAGE_STANDARD = gnu11;
				GCC_DYNAMIC_NO_PIC = NO;
				GCC_NO_COMMON_BLOCKS = YES;
				GCC_OPTIMIZATION_LEVEL = 0;
				GCC_PREPROCESSOR_DEFINITIONS = (
					"DEBUG=1",
					"$(inherited)",
				);
				GCC_WARN_64_TO_32_BIT_CONVERSION = YES;
				GCC_WARN_ABOUT_RETURN_TYPE = YES_ERROR;
				GCC_WARN_UNDECLARED_SELECTOR = YES;
				GCC_WARN_UNINITIALIZED_AUTOS = YES_AGGRESSIVE;
				GCC_WARN_UNUSED_FUNCTION = YES;
				GCC_WARN_UNUSED_VARIABLE = YES;
				MTL_ENABLE_DEBUG_INFO = INCLUDE_SOURCE;
				MTL_FAST_MATH = YES;
				ONLY_ACTIVE_ARCH = YES;
				SWIFT_ACTIVE_COMPILATION_CONDITIONS = DEBUG;
				SWIFT_OPTIMIZATION_LEVEL = "-Onone";
			};
			name = Debug;
		};
		E4838A432858B06D008F9535 /* Release */ = {
			isa = XCBuildConfiguration;
			buildSettings = {
				ALWAYS_SEARCH_USER_PATHS = NO;
				CLANG_ANALYZER_NONNULL = YES;
				CLANG_ANALYZER_NUMBER_OBJECT_CONVERSION = YES_AGGRESSIVE;
				CLANG_CXX_LANGUAGE_STANDARD = "gnu++17";
				CLANG_ENABLE_MODULES = YES;
				CLANG_ENABLE_OBJC_ARC = YES;
				CLANG_ENABLE_OBJC_WEAK = YES;
				CLANG_WARN_BLOCK_CAPTURE_AUTORELEASING = YES;
				CLANG_WARN_BOOL_CONVERSION = YES;
				CLANG_WARN_COMMA = YES;
				CLANG_WARN_CONSTANT_CONVERSION = YES;
				CLANG_WARN_DEPRECATED_OBJC_IMPLEMENTATIONS = YES;
				CLANG_WARN_DIRECT_OBJC_ISA_USAGE = YES_ERROR;
				CLANG_WARN_DOCUMENTATION_COMMENTS = YES;
				CLANG_WARN_EMPTY_BODY = YES;
				CLANG_WARN_ENUM_CONVERSION = YES;
				CLANG_WARN_INFINITE_RECURSION = YES;
				CLANG_WARN_INT_CONVERSION = YES;
				CLANG_WARN_NON_LITERAL_NULL_CONVERSION = YES;
				CLANG_WARN_OBJC_IMPLICIT_RETAIN_SELF = YES;
				CLANG_WARN_OBJC_LITERAL_CONVERSION = YES;
				CLANG_WARN_OBJC_ROOT_CLASS = YES_ERROR;
				CLANG_WARN_QUOTED_INCLUDE_IN_FRAMEWORK_HEADER = YES;
				CLANG_WARN_RANGE_LOOP_ANALYSIS = YES;
				CLANG_WARN_STRICT_PROTOTYPES = YES;
				CLANG_WARN_SUSPICIOUS_MOVE = YES;
				CLANG_WARN_UNGUARDED_AVAILABILITY = YES_AGGRESSIVE;
				CLANG_WARN_UNREACHABLE_CODE = YES;
				CLANG_WARN__DUPLICATE_METHOD_MATCH = YES;
				COPY_PHASE_STRIP = NO;
				DEBUG_INFORMATION_FORMAT = "dwarf-with-dsym";
				ENABLE_NS_ASSERTIONS = NO;
				ENABLE_STRICT_OBJC_MSGSEND = YES;
				GCC_C_LANGUAGE_STANDARD = gnu11;
				GCC_NO_COMMON_BLOCKS = YES;
				GCC_WARN_64_TO_32_BIT_CONVERSION = YES;
				GCC_WARN_ABOUT_RETURN_TYPE = YES_ERROR;
				GCC_WARN_UNDECLARED_SELECTOR = YES;
				GCC_WARN_UNINITIALIZED_AUTOS = YES_AGGRESSIVE;
				GCC_WARN_UNUSED_FUNCTION = YES;
				GCC_WARN_UNUSED_VARIABLE = YES;
				MTL_ENABLE_DEBUG_INFO = NO;
				MTL_FAST_MATH = YES;
				SWIFT_COMPILATION_MODE = wholemodule;
				SWIFT_OPTIMIZATION_LEVEL = "-O";
			};
			name = Release;
		};
		E4838A452858B06D008F9535 /* Debug */ = {
			isa = XCBuildConfiguration;
			buildSettings = {
				ASSETCATALOG_COMPILER_APPICON_NAME = AppIcon;
				ASSETCATALOG_COMPILER_GLOBAL_ACCENT_COLOR_NAME = AccentColor;
				CODE_SIGN_ENTITLEMENTS = "saxjaxTuner (iOS).entitlements";
				CODE_SIGN_STYLE = Automatic;
				CURRENT_PROJECT_VERSION = 1;
				DEVELOPMENT_TEAM = LW5S74625G;
				ENABLE_PREVIEWS = YES;
				GENERATE_INFOPLIST_FILE = YES;
				INFOPLIST_KEY_UIApplicationSceneManifest_Generation = YES;
				INFOPLIST_KEY_UIApplicationSupportsIndirectInputEvents = YES;
				INFOPLIST_KEY_UILaunchScreen_Generation = YES;
				INFOPLIST_KEY_UISupportedInterfaceOrientations = "UIInterfaceOrientationPortrait UIInterfaceOrientationPortraitUpsideDown UIInterfaceOrientationLandscapeLeft UIInterfaceOrientationLandscapeRight";
				INFOPLIST_KEY_UISupportedInterfaceOrientations_iPad = "UIInterfaceOrientationPortrait UIInterfaceOrientationPortraitUpsideDown UIInterfaceOrientationLandscapeLeft UIInterfaceOrientationLandscapeRight";
				INFOPLIST_KEY_UISupportedInterfaceOrientations_iPhone = "UIInterfaceOrientationPortrait UIInterfaceOrientationLandscapeLeft UIInterfaceOrientationLandscapeRight";
				IPHONEOS_DEPLOYMENT_TARGET = 15.4;
				LD_RUNPATH_SEARCH_PATHS = (
					"$(inherited)",
					"@executable_path/Frameworks",
				);
				MARKETING_VERSION = 1.0;
				PRODUCT_BUNDLE_IDENTIFIER = dk.saxjax.saxjaxTuner;
				PRODUCT_NAME = saxjaxTuner;
				SDKROOT = iphoneos;
				SUPPORTS_MACCATALYST = YES;
				SWIFT_EMIT_LOC_STRINGS = YES;
				SWIFT_VERSION = 5.0;
				TARGETED_DEVICE_FAMILY = "1,2";
			};
			name = Debug;
		};
		E4838A462858B06D008F9535 /* Release */ = {
			isa = XCBuildConfiguration;
			buildSettings = {
				ASSETCATALOG_COMPILER_APPICON_NAME = AppIcon;
				ASSETCATALOG_COMPILER_GLOBAL_ACCENT_COLOR_NAME = AccentColor;
				CODE_SIGN_ENTITLEMENTS = "saxjaxTuner (iOS).entitlements";
				CODE_SIGN_STYLE = Automatic;
				CURRENT_PROJECT_VERSION = 1;
				DEVELOPMENT_TEAM = LW5S74625G;
				ENABLE_PREVIEWS = YES;
				GENERATE_INFOPLIST_FILE = YES;
				INFOPLIST_KEY_UIApplicationSceneManifest_Generation = YES;
				INFOPLIST_KEY_UIApplicationSupportsIndirectInputEvents = YES;
				INFOPLIST_KEY_UILaunchScreen_Generation = YES;
				INFOPLIST_KEY_UISupportedInterfaceOrientations = "UIInterfaceOrientationPortrait UIInterfaceOrientationPortraitUpsideDown UIInterfaceOrientationLandscapeLeft UIInterfaceOrientationLandscapeRight";
				INFOPLIST_KEY_UISupportedInterfaceOrientations_iPad = "UIInterfaceOrientationPortrait UIInterfaceOrientationPortraitUpsideDown UIInterfaceOrientationLandscapeLeft UIInterfaceOrientationLandscapeRight";
				INFOPLIST_KEY_UISupportedInterfaceOrientations_iPhone = "UIInterfaceOrientationPortrait UIInterfaceOrientationLandscapeLeft UIInterfaceOrientationLandscapeRight";
				IPHONEOS_DEPLOYMENT_TARGET = 15.4;
				LD_RUNPATH_SEARCH_PATHS = (
					"$(inherited)",
					"@executable_path/Frameworks",
				);
				MARKETING_VERSION = 1.0;
				PRODUCT_BUNDLE_IDENTIFIER = dk.saxjax.saxjaxTuner;
				PRODUCT_NAME = saxjaxTuner;
				SDKROOT = iphoneos;
				SUPPORTS_MACCATALYST = YES;
				SWIFT_EMIT_LOC_STRINGS = YES;
				SWIFT_VERSION = 5.0;
				TARGETED_DEVICE_FAMILY = "1,2";
				VALIDATE_PRODUCT = YES;
			};
			name = Release;
		};
		E4838A482858B06D008F9535 /* Debug */ = {
			isa = XCBuildConfiguration;
			buildSettings = {
				ASSETCATALOG_COMPILER_APPICON_NAME = AppIcon;
				ASSETCATALOG_COMPILER_GLOBAL_ACCENT_COLOR_NAME = AccentColor;
				CODE_SIGN_ENTITLEMENTS = macOS/macOS.entitlements;
				CODE_SIGN_STYLE = Automatic;
				COMBINE_HIDPI_IMAGES = YES;
				CURRENT_PROJECT_VERSION = 1;
				DEVELOPMENT_TEAM = LW5S74625G;
				ENABLE_HARDENED_RUNTIME = YES;
				ENABLE_PREVIEWS = YES;
				GENERATE_INFOPLIST_FILE = YES;
				INFOPLIST_KEY_NSHumanReadableCopyright = "";
				LD_RUNPATH_SEARCH_PATHS = (
					"$(inherited)",
					"@executable_path/../Frameworks",
				);
				MACOSX_DEPLOYMENT_TARGET = 12.2;
				MARKETING_VERSION = 1.0;
				PRODUCT_BUNDLE_IDENTIFIER = dk.saxjax.saxjaxTuner;
				PRODUCT_NAME = saxjaxTuner;
				SDKROOT = macosx;
				SWIFT_EMIT_LOC_STRINGS = YES;
				SWIFT_VERSION = 5.0;
			};
			name = Debug;
		};
		E4838A492858B06D008F9535 /* Release */ = {
			isa = XCBuildConfiguration;
			buildSettings = {
				ASSETCATALOG_COMPILER_APPICON_NAME = AppIcon;
				ASSETCATALOG_COMPILER_GLOBAL_ACCENT_COLOR_NAME = AccentColor;
				CODE_SIGN_ENTITLEMENTS = macOS/macOS.entitlements;
				CODE_SIGN_STYLE = Automatic;
				COMBINE_HIDPI_IMAGES = YES;
				CURRENT_PROJECT_VERSION = 1;
				DEVELOPMENT_TEAM = LW5S74625G;
				ENABLE_HARDENED_RUNTIME = YES;
				ENABLE_PREVIEWS = YES;
				GENERATE_INFOPLIST_FILE = YES;
				INFOPLIST_KEY_NSHumanReadableCopyright = "";
				LD_RUNPATH_SEARCH_PATHS = (
					"$(inherited)",
					"@executable_path/../Frameworks",
				);
				MACOSX_DEPLOYMENT_TARGET = 12.2;
				MARKETING_VERSION = 1.0;
				PRODUCT_BUNDLE_IDENTIFIER = dk.saxjax.saxjaxTuner;
				PRODUCT_NAME = saxjaxTuner;
				SDKROOT = macosx;
				SWIFT_EMIT_LOC_STRINGS = YES;
				SWIFT_VERSION = 5.0;
			};
			name = Release;
		};
		E4838A4B2858B06D008F9535 /* Debug */ = {
			isa = XCBuildConfiguration;
			buildSettings = {
				ALWAYS_EMBED_SWIFT_STANDARD_LIBRARIES = YES;
				CODE_SIGN_STYLE = Automatic;
				CURRENT_PROJECT_VERSION = 1;
				DEVELOPMENT_TEAM = LW5S74625G;
				GENERATE_INFOPLIST_FILE = YES;
				IPHONEOS_DEPLOYMENT_TARGET = 15.4;
				MARKETING_VERSION = 1.0;
				PRODUCT_BUNDLE_IDENTIFIER = "dk.saxjax.Tests-iOS";
				PRODUCT_NAME = "$(TARGET_NAME)";
				SDKROOT = iphoneos;
				SWIFT_EMIT_LOC_STRINGS = NO;
				SWIFT_VERSION = 5.0;
				TARGETED_DEVICE_FAMILY = "1,2";
				TEST_TARGET_NAME = "saxjaxTuner (iOS)";
			};
			name = Debug;
		};
		E4838A4C2858B06D008F9535 /* Release */ = {
			isa = XCBuildConfiguration;
			buildSettings = {
				ALWAYS_EMBED_SWIFT_STANDARD_LIBRARIES = YES;
				CODE_SIGN_STYLE = Automatic;
				CURRENT_PROJECT_VERSION = 1;
				DEVELOPMENT_TEAM = LW5S74625G;
				GENERATE_INFOPLIST_FILE = YES;
				IPHONEOS_DEPLOYMENT_TARGET = 15.4;
				MARKETING_VERSION = 1.0;
				PRODUCT_BUNDLE_IDENTIFIER = "dk.saxjax.Tests-iOS";
				PRODUCT_NAME = "$(TARGET_NAME)";
				SDKROOT = iphoneos;
				SWIFT_EMIT_LOC_STRINGS = NO;
				SWIFT_VERSION = 5.0;
				TARGETED_DEVICE_FAMILY = "1,2";
				TEST_TARGET_NAME = "saxjaxTuner (iOS)";
				VALIDATE_PRODUCT = YES;
			};
			name = Release;
		};
		E4838A4E2858B06D008F9535 /* Debug */ = {
			isa = XCBuildConfiguration;
			buildSettings = {
				ALWAYS_EMBED_SWIFT_STANDARD_LIBRARIES = YES;
				CODE_SIGN_STYLE = Automatic;
				CURRENT_PROJECT_VERSION = 1;
				DEVELOPMENT_TEAM = LW5S74625G;
				GENERATE_INFOPLIST_FILE = YES;
				MACOSX_DEPLOYMENT_TARGET = 12.2;
				MARKETING_VERSION = 1.0;
				PRODUCT_BUNDLE_IDENTIFIER = "dk.saxjax.Tests-macOS";
				PRODUCT_NAME = "$(TARGET_NAME)";
				SDKROOT = macosx;
				SWIFT_EMIT_LOC_STRINGS = NO;
				SWIFT_VERSION = 5.0;
				TEST_TARGET_NAME = "saxjaxTuner (macOS)";
			};
			name = Debug;
		};
		E4838A4F2858B06D008F9535 /* Release */ = {
			isa = XCBuildConfiguration;
			buildSettings = {
				ALWAYS_EMBED_SWIFT_STANDARD_LIBRARIES = YES;
				CODE_SIGN_STYLE = Automatic;
				CURRENT_PROJECT_VERSION = 1;
				DEVELOPMENT_TEAM = LW5S74625G;
				GENERATE_INFOPLIST_FILE = YES;
				MACOSX_DEPLOYMENT_TARGET = 12.2;
				MARKETING_VERSION = 1.0;
				PRODUCT_BUNDLE_IDENTIFIER = "dk.saxjax.Tests-macOS";
				PRODUCT_NAME = "$(TARGET_NAME)";
				SDKROOT = macosx;
				SWIFT_EMIT_LOC_STRINGS = NO;
				SWIFT_VERSION = 5.0;
				TEST_TARGET_NAME = "saxjaxTuner (macOS)";
			};
			name = Release;
		};
/* End XCBuildConfiguration section */

/* Begin XCConfigurationList section */
		E4838A0B2858B069008F9535 /* Build configuration list for PBXProject "saxjaxTuner" */ = {
			isa = XCConfigurationList;
			buildConfigurations = (
				E4838A422858B06D008F9535 /* Debug */,
				E4838A432858B06D008F9535 /* Release */,
			);
			defaultConfigurationIsVisible = 0;
			defaultConfigurationName = Release;
		};
		E4838A442858B06D008F9535 /* Build configuration list for PBXNativeTarget "saxjaxTuner (iOS)" */ = {
			isa = XCConfigurationList;
			buildConfigurations = (
				E4838A452858B06D008F9535 /* Debug */,
				E4838A462858B06D008F9535 /* Release */,
			);
			defaultConfigurationIsVisible = 0;
			defaultConfigurationName = Release;
		};
		E4838A472858B06D008F9535 /* Build configuration list for PBXNativeTarget "saxjaxTuner (macOS)" */ = {
			isa = XCConfigurationList;
			buildConfigurations = (
				E4838A482858B06D008F9535 /* Debug */,
				E4838A492858B06D008F9535 /* Release */,
			);
			defaultConfigurationIsVisible = 0;
			defaultConfigurationName = Release;
		};
		E4838A4A2858B06D008F9535 /* Build configuration list for PBXNativeTarget "Tests iOS" */ = {
			isa = XCConfigurationList;
			buildConfigurations = (
				E4838A4B2858B06D008F9535 /* Debug */,
				E4838A4C2858B06D008F9535 /* Release */,
			);
			defaultConfigurationIsVisible = 0;
			defaultConfigurationName = Release;
		};
		E4838A4D2858B06D008F9535 /* Build configuration list for PBXNativeTarget "Tests macOS" */ = {
			isa = XCConfigurationList;
			buildConfigurations = (
				E4838A4E2858B06D008F9535 /* Debug */,
				E4838A4F2858B06D008F9535 /* Release */,
			);
			defaultConfigurationIsVisible = 0;
			defaultConfigurationName = Release;
		};
/* End XCConfigurationList section */

/* Begin XCVersionGroup section */
		E4838A0D2858B069008F9535 /* saxjaxTuner.xcdatamodeld */ = {
			isa = XCVersionGroup;
			children = (
				E4838A0E2858B069008F9535 /* Shared.xcdatamodel */,
			);
			currentVersion = E4838A0E2858B069008F9535 /* Shared.xcdatamodel */;
			path = saxjaxTuner.xcdatamodeld;
			sourceTree = "<group>";
			versionGroupType = wrapper.xcdatamodel;
		};
/* End XCVersionGroup section */
	};
	rootObject = E4838A082858B069008F9535 /* Project object */;
}
